
Microsoft Visual Studio Solution File, Format Version 12.00
# Visual Studio Version 16
VisualStudioVersion = 16.0.30621.155
MinimumVisualStudioVersion = 10.0.40219.1
Project("{FAE04EC0-301F-11D3-BF4B-00C04F79EFBC}") = "Bayar.exe", "Bayar.exe.csproj", "{A34FA7C6-1EDB-4E4B-93E1-B015D7141DCC}"
EndProject
Global
	GlobalSection(SolutionConfigurationPlatforms) = preSolution
		Debug|Any CPU = Debug|Any CPU
		Release|Any CPU = Release|Any CPU
	EndGlobalSection
	GlobalSection(ProjectConfigurationPlatforms) = postSolution
		{A34FA7C6-1EDB-4E4B-93E1-B015D7141DCC}.Debug|Any CPU.ActiveCfg = Debug|Any CPU
		{A34FA7C6-1EDB-4E4B-93E1-B015D7141DCC}.Debug|Any CPU.Build.0 = Debug|Any CPU
		{A34FA7C6-1EDB-4E4B-93E1-B015D7141DCC}.Release|Any CPU.ActiveCfg = Release|Any CPU
		{A34FA7C6-1EDB-4E4B-93E1-B015D7141DCC}.Release|Any CPU.Build.0 = Release|Any CPU
	EndGlobalSection
	GlobalSection(SolutionProperties) = preSolution
		HideSolutionNode = FALSE
	EndGlobalSection
	GlobalSection(ExtensibilityGlobals) = postSolution
		SolutionGuid = {C1531CCE-0A30-4B27-A1E2-0108F1D4B5A0}
	EndGlobalSection
EndGlobal
